
Microsoft Visual Studio Solution File, Format Version 12.00
# Visual Studio Version 16
VisualStudioVersion = 16.0.30309.148
MinimumVisualStudioVersion = 10.0.40219.1
Project("{FAE04EC0-301F-11D3-BF4B-00C04F79EFBC}") = "Soundcloud Redesign", "Soundcloud Redesign.csproj", "{CD590F96-011D-403F-A39D-F4DC698B6A11}"
EndProject
Global
	GlobalSection(SolutionConfigurationPlatforms) = preSolution
		Debug|Any CPU = Debug|Any CPU
		Release|Any CPU = Release|Any CPU
	EndGlobalSection
	GlobalSection(ProjectConfigurationPlatforms) = postSolution
		{CD590F96-011D-403F-A39D-F4DC698B6A11}.Debug|Any CPU.ActiveCfg = Debug|Any CPU
		{CD590F96-011D-403F-A39D-F4DC698B6A11}.Debug|Any CPU.Build.0 = Debug|Any CPU
		{CD590F96-011D-403F-A39D-F4DC698B6A11}.Release|Any CPU.ActiveCfg = Release|Any CPU
		{CD590F96-011D-403F-A39D-F4DC698B6A11}.Release|Any CPU.Build.0 = Release|Any CPU
	EndGlobalSection
	GlobalSection(SolutionProperties) = preSolution
		HideSolutionNode = FALSE
	EndGlobalSection
	GlobalSection(ExtensibilityGlobals) = postSolution
		SolutionGuid = {8F4127BD-7DF9-4355-B094-DA080E26DAE2}
	EndGlobalSection
EndGlobal
